# Generated by 'devcapsule project init' from the embedded resolution matrix embedded-26.
# Commit this file: it pins the exact environment collaborators receive.
devcapsule-lock-format-version = 1
resolution-matrix-version = "embedded-26"
platform = "linux-amd64"
capabilities-digest = "84d283f0391fade580963e320a1e8e1fc5947ed5d8511c4e040274bdce9312bf"

[base]
reference = "docker.io/mycodespaceai/devcapsule-base@sha256:8837edd36720763796ab9fe1dbeb66f1aa7ca2db0dabc8d73a58716440f42f7c"
build-mnemonic = "v0.2.12-rc5"
contract = "ubuntu-24.04@9"

[components]
interactive-surface = "codium"

[components.codium]
version = "1.126.04524"
delivery-policy = "local-materialization"
license = "MIT"
url = "https://github.com/VSCodium/vscodium/releases/download/1.126.04524/VSCodium-linux-x64-1.126.04524.tar.gz"
sha256 = "adf3548df055d18e476cdee887488ba7486b879ad99a31a546c6b5c5ff296c24"

[components.dotnet-sdk]
version = "10.0.401"
platform = "linux-amd64"
delivery-policy = "local-materialization"
license = "MIT"
url = "https://builds.dotnet.microsoft.com/dotnet/Sdk/10.0.401/dotnet-sdk-10.0.401-linux-x64.tar.gz"
sha256 = "137268c8ad939c064ff1ee2a6fdf0899d8725377114ea012fbd1ad5fa2550418"
upstream-sha512 = "51c8b999af9e8dd9998c9edc5944e19a90788862068acd38694e098889054ce8c23d4f0c5cccfa16bf187d044562359e5ee69a9f8ad0bbe913ba90311fbce25b"

[materialization]
recipe = "vscode-local-materialization"
recipe-version = "2"
