# Generated by 'devcapsule project init' from the embedded resolution matrix embedded-14.
# Commit this file: it pins the exact environment collaborators receive.
devcapsule-lock-format-version = 1
resolution-matrix-version = "embedded-14"
platform = "linux-amd64"
capabilities-digest = "3ae42401538881a572b70a4e1f704fd63a383b259aa80604bdc2e03acfbb7220"

[base]
reference = "docker.io/mycodespaceai/devcapsule-base@sha256:ca9f79619fc0709a13e6a66de8959cda55dd47c23ec073fe0eb353de32734232"
build-mnemonic = "v0.2.9"

[components]
interactive-surface = "codium"

[components.codium]
version = "1.126.04524"
delivery-policy = "local-materialization"
license = "MIT"
url = "https://github.com/VSCodium/vscodium/releases/download/1.126.04524/VSCodium-linux-x64-1.126.04524.tar.gz"
sha256 = "adf3548df055d18e476cdee887488ba7486b879ad99a31a546c6b5c5ff296c24"

[materialization]
recipe = "vscode-local-materialization"
recipe-version = "2"
