# Generated by 'devcapsule project init' from the embedded resolution matrix embedded-13.
# Commit this file: it pins the exact environment collaborators receive.
devcapsule-lock-format-version = 1
resolution-matrix-version = "embedded-13"
platform = "linux-amd64"
capabilities-digest = "15544b2955fcd51c92d662a96bed7665f68228d4d6ece71bfb4df6ab45a51d6f"

[base]
reference = "docker.io/mycodespaceai/devcapsule-base@sha256:695f9eb6dd269dc694b3367f6a2570d500b938998d6f7aa3aa00e5d04cc7394a"
build-mnemonic = "v026"

[components]
interactive-surface = "pycharm"

[components.pycharm]
version = "2026.2.0.1"
variant = "professional"
delivery-policy = "local-materialization"
url = "https://download.jetbrains.com/python/pycharm-2026.2.0.1.tar.gz"
sha256 = "4a37cb2d15703553c61e814d8e014bfa47308508470de5f968c4e9645b771675"

[materialization]
recipe = "jetbrains-local-materialization"
recipe-version = "1"
