# Generated by 'devcapsule project init' from the embedded resolution matrix embedded-19.
# Commit this file: it pins the exact environment collaborators receive.
devcapsule-lock-format-version = 1
resolution-matrix-version = "embedded-19"
platform = "linux-amd64"
capabilities-digest = "15544b2955fcd51c92d662a96bed7665f68228d4d6ece71bfb4df6ab45a51d6f"

[base]
reference = "docker.io/mycodespaceai/devcapsule-base@sha256:3a6e6eb6c0374d58e1d0af438d621cad76c272c621e4c97fca7b6e654a6d7b9c"
build-mnemonic = "v0.2.12-rc3"

[components]
interactive-surface = "pycharm"

[components.pycharm]
version = "2026.2.0.1"
variant = "professional"
delivery-policy = "local-materialization"
url = "https://download.jetbrains.com/python/pycharm-2026.2.0.1.tar.gz"
sha256 = "4a37cb2d15703553c61e814d8e014bfa47308508470de5f968c4e9645b771675"

[materialization]
recipe = "jetbrains-local-materialization"
recipe-version = "1"
