devcapsule-lock-format-version = 1
resolution-matrix-version = "dogfood-v1"
manifest-digest = "c6982ea17203add31db43b52d23603ea21a9e0a3f44aa346726cfc332c05e207"
platform = "linux-amd64"

[base]
# Globally resolvable dogfood base. The digest, rather than the mutable v023
# discovery tag, is the committed formation input.
reference = "docker.io/mycodespaceai/devcapsule-base@sha256:e8ec48fa1f45f566e997735ac5e8ce8086a2512681db0e8a22696ee0801a8aa1"

[components]
interactive-surface = "pycharm"

[components.pycharm]
version = "2026.2.0.1"
variant = "professional"
delivery-policy = "local-materialization"
url = "https://download.jetbrains.com/python/pycharm-2026.2.0.1.tar.gz"
sha256 = "4a37cb2d15703553c61e814d8e014bfa47308508470de5f968c4e9645b771675"

[components.codex]
version = "0.145.0"
delivery-policy = "local-materialization"
integration = "jetbrains-ai-assistant"
acp-version = "1.1.9"
license = "Apache-2.0"

[components.codex.artifacts.linux-amd64]
url = "https://registry.npmjs.org/@openai/codex/-/codex-0.145.0-linux-x64.tgz"
sha256 = "11239480f8e3efd1430f23bbe91c1a397856b8bbe6185ccbaee2382d25e03df2"
archive-member = "package/vendor/x86_64-unknown-linux-musl/bin/codex"

[materialization]
recipe = "jetbrains-local-materialization"
recipe-version = "1"
